
Microsoft Visual Studio Solution File, Format Version 12.00
# Visual Studio Version 16
VisualStudioVersion = 16.0.29020.237
MinimumVisualStudioVersion = 10.0.40219.1
Project("{888888A0-9F3D-457C-B088-3A5042F75D52}") = "mytwap", "mytwap.pyproj", "{BA9E9BA4-B4D3-48F3-9246-82D77C55D8BF}"
EndProject
Global
	GlobalSection(SolutionConfigurationPlatforms) = preSolution
		Debug|Any CPU = Debug|Any CPU
		Release|Any CPU = Release|Any CPU
	EndGlobalSection
	GlobalSection(ProjectConfigurationPlatforms) = postSolution
		{BA9E9BA4-B4D3-48F3-9246-82D77C55D8BF}.Debug|Any CPU.ActiveCfg = Debug|Any CPU
		{BA9E9BA4-B4D3-48F3-9246-82D77C55D8BF}.Release|Any CPU.ActiveCfg = Release|Any CPU
	EndGlobalSection
	GlobalSection(SolutionProperties) = preSolution
		HideSolutionNode = FALSE
	EndGlobalSection
	GlobalSection(ExtensibilityGlobals) = postSolution
		SolutionGuid = {10817E4E-AD09-49EF-877E-A2A6235BD5B1}
	EndGlobalSection
EndGlobal
